
Microsoft Visual Studio Solution File, Format Version 12.00
# Visual Studio Version 17
VisualStudioVersion = 17.7.34018.315
MinimumVisualStudioVersion = 10.0.40219.1
Project("{FAE04EC0-301F-11D3-BF4B-00C04F79EFBC}") = "BlogWithoutAuth", "BlogWithoutAuth\BlogWithoutAuth.csproj", "{64D8EBDE-8609-47F4-9B3B-C6D8B5170181}"
EndProject
Project("{FAE04EC0-301F-11D3-BF4B-00C04F79EFBC}") = "BlogWithoutAuth.Models", "BlogWithoutAuth.Models\BlogWithoutAuth.Models.csproj", "{B64ADE68-960C-4610-AED3-63C2B74E97BD}"
EndProject
Project("{FAE04EC0-301F-11D3-BF4B-00C04F79EFBC}") = "BlogWithoutAuth.DataAccess", "BlogWithoutAuth.DataAccess\BlogWithoutAuth.DataAccess.csproj", "{FEA5B610-DE77-4256-A2A9-A99783F880AF}"
EndProject
Global
	GlobalSection(SolutionConfigurationPlatforms) = preSolution
		Debug|Any CPU = Debug|Any CPU
		Release|Any CPU = Release|Any CPU
	EndGlobalSection
	GlobalSection(ProjectConfigurationPlatforms) = postSolution
		{64D8EBDE-8609-47F4-9B3B-C6D8B5170181}.Debug|Any CPU.ActiveCfg = Debug|Any CPU
		{64D8EBDE-8609-47F4-9B3B-C6D8B5170181}.Debug|Any CPU.Build.0 = Debug|Any CPU
		{64D8EBDE-8609-47F4-9B3B-C6D8B5170181}.Release|Any CPU.ActiveCfg = Release|Any CPU
		{64D8EBDE-8609-47F4-9B3B-C6D8B5170181}.Release|Any CPU.Build.0 = Release|Any CPU
		{B64ADE68-960C-4610-AED3-63C2B74E97BD}.Debug|Any CPU.ActiveCfg = Debug|Any CPU
		{B64ADE68-960C-4610-AED3-63C2B74E97BD}.Debug|Any CPU.Build.0 = Debug|Any CPU
		{B64ADE68-960C-4610-AED3-63C2B74E97BD}.Release|Any CPU.ActiveCfg = Release|Any CPU
		{B64ADE68-960C-4610-AED3-63C2B74E97BD}.Release|Any CPU.Build.0 = Release|Any CPU
		{FEA5B610-DE77-4256-A2A9-A99783F880AF}.Debug|Any CPU.ActiveCfg = Debug|Any CPU
		{FEA5B610-DE77-4256-A2A9-A99783F880AF}.Debug|Any CPU.Build.0 = Debug|Any CPU
		{FEA5B610-DE77-4256-A2A9-A99783F880AF}.Release|Any CPU.ActiveCfg = Release|Any CPU
		{FEA5B610-DE77-4256-A2A9-A99783F880AF}.Release|Any CPU.Build.0 = Release|Any CPU
	EndGlobalSection
	GlobalSection(SolutionProperties) = preSolution
		HideSolutionNode = FALSE
	EndGlobalSection
	GlobalSection(ExtensibilityGlobals) = postSolution
		SolutionGuid = {87B2C90A-A05D-4B4C-88AE-EE0B716633B4}
	EndGlobalSection
EndGlobal
